<?xml version="1.0" encoding="utf-8"?>
<Project ToolsVersion="4.0" xmlns="http://schemas.microsoft.com/developer/msbuild/2003">
  <ItemGroup>
    <Filter Include="Time">
      <UniqueIdentifier>{73a60045-382b-4fdd-9839-6d31e64f9ea3}</UniqueIdentifier>
    </Filter>
    <Filter Include="singleton_interface">
      <UniqueIdentifier>{fbc5fbea-b930-4422-81e0-7ee1c2d0b142}</UniqueIdentifier>
    </Filter>
    <Filter Include="Scene">
      <UniqueIdentifier>{14acc9ea-3972-41ca-9127-603c18a1b8b4}</UniqueIdentifier>
    </Filter>
    <Filter Include="Object">
      <UniqueIdentifier>{be109ca2-02ab-400b-bd6d-2a9256ef896d}</UniqueIdentifier>
    </Filter>
    <Filter Include="DELEGATE">
      <UniqueIdentifier>{d01cc2b1-fe18-4118-97aa-d53847aadd85}</UniqueIdentifier>
    </Filter>
    <Filter Include="Scene\SceneBaseTypes">
      <UniqueIdentifier>{3bf6f447-2fae-4b68-8007-4e72cf1ba98f}</UniqueIdentifier>
    </Filter>
    <Filter Include="Render">
      <UniqueIdentifier>{b6e40cc7-847e-47d4-a5a4-9ee4a8c704ce}</UniqueIdentifier>
    </Filter>
    <Filter Include="Render\GraphicDevice">
      <UniqueIdentifier>{aa061a55-22f8-46dd-b86f-7cfbc81adc4e}</UniqueIdentifier>
    </Filter>
    <Filter Include="Render\Texture">
      <UniqueIdentifier>{00ad3db9-916c-4f18-8022-2af2860f160a}</UniqueIdentifier>
    </Filter>
    <Filter Include="Collision">
      <UniqueIdentifier>{39b8fd8c-23ae-4ea5-bdf4-4893d7e2dfa8}</UniqueIdentifier>
    </Filter>
    <Filter Include="Input">
      <UniqueIdentifier>{df50a42f-4eb1-4c7d-8d55-9d31e84fbad0}</UniqueIdentifier>
    </Filter>
    <Filter Include="Component">
      <UniqueIdentifier>{b945fcc5-0530-42e8-aa1b-daf9ee2f1065}</UniqueIdentifier>
    </Filter>
    <Filter Include="UI">
      <UniqueIdentifier>{fb0d899b-67d1-4a28-9c44-829682da0166}</UniqueIdentifier>
    </Filter>
    <Filter Include="Utility">
      <UniqueIdentifier>{19c5c42a-bec7-4e31-9e53-fc8a4026e78f}</UniqueIdentifier>
    </Filter>
    <Filter Include="Player">
      <UniqueIdentifier>{b8f8a2e8-4617-4f1e-b1bc-2d10adda3b3c}</UniqueIdentifier>
    </Filter>
    <Filter Include="App">
      <UniqueIdentifier>{44fdca3e-b063-4eb0-8f5c-e648931cd4b0}</UniqueIdentifier>
    </Filter>
    <Filter Include="Headers">
      <UniqueIdentifier>{380f7ddd-b526-4f5c-bb6f-2224e7ed0d00}</UniqueIdentifier>
    </Filter>
    <Filter Include="Headers\global">
      <UniqueIdentifier>{73d235cf-6b0d-49f8-a070-8fe81d9ec4bf}</UniqueIdentifier>
    </Filter>
    <Filter Include="Default">
      <UniqueIdentifier>{9356f2b8-16ce-459c-b041-d90814711db5}</UniqueIdentifier>
    </Filter>
    <Filter Include="Component\Transform">
      <UniqueIdentifier>{d0edbf95-52c9-4e3d-889e-7045805e5107}</UniqueIdentifier>
    </Filter>
  </ItemGroup>
  <ItemGroup>
    <ClInclude Include="Client.h">
      <Filter>Default</Filter>
    </ClInclude>
    <ClInclude Include="Resource.h">
      <Filter>Default</Filter>
    </ClInclude>
    <ClInclude Include="stdafx.h">
      <Filter>Default</Filter>
    </ClInclude>
    <ClInclude Include="targetver.h">
      <Filter>Default</Filter>
    </ClInclude>
    <ClInclude Include="MainApp.h">
      <Filter>App</Filter>
    </ClInclude>
    <ClInclude Include="Player.h">
      <Filter>Player</Filter>
    </ClInclude>
    <ClInclude Include="Time.h">
      <Filter>Time</Filter>
    </ClInclude>
    <ClInclude Include="singleton_interface.h">
      <Filter>singleton_interface</Filter>
    </ClInclude>
    <ClInclude Include="global.h">
      <Filter>Headers\global</Filter>
    </ClInclude>
    <ClInclude Include="Function.h">
      <Filter>Headers</Filter>
    </ClInclude>
    <ClInclude Include="Typedef.h">
      <Filter>Headers</Filter>
    </ClInclude>
    <ClInclude Include="SceneManager.h">
      <Filter>Scene</Filter>
    </ClInclude>
    <ClInclude Include="Scene.h">
      <Filter>Scene</Filter>
    </ClInclude>
    <ClInclude Include="object.h">
      <Filter>Object</Filter>
    </ClInclude>
    <ClInclude Include="SceneID.h">
      <Filter>Scene</Filter>
    </ClInclude>
    <ClInclude Include="GraphicDevice.h">
      <Filter>Render\GraphicDevice</Filter>
    </ClInclude>
    <ClInclude Include="DELEGATE.h">
      <Filter>Object</Filter>
    </ClInclude>
    <ClInclude Include="Texture_Manager.h">
      <Filter>Render\Texture</Filter>
    </ClInclude>
    <ClInclude Include="Texture.h">
      <Filter>Render\Texture</Filter>
    </ClInclude>
    <ClInclude Include="Single_Texture.h">
      <Filter>Render\Texture</Filter>
    </ClInclude>
    <ClInclude Include="Multi_Texture.h">
      <Filter>Render\Texture</Filter>
    </ClInclude>
    <ClInclude Include="TupleHelper.h">
      <Filter>Headers</Filter>
    </ClInclude>
    <ClInclude Include="SceneBoss.h">
      <Filter>Scene\SceneBaseTypes</Filter>
    </ClInclude>
    <ClInclude Include="SceneStage1.h">
      <Filter>Scene\SceneBaseTypes</Filter>
    </ClInclude>
    <ClInclude Include="SceneStage2.h">
      <Filter>Scene\SceneBaseTypes</Filter>
    </ClInclude>
    <ClInclude Include="SceneStart.h">
      <Filter>Scene\SceneBaseTypes</Filter>
    </ClInclude>
    <ClInclude Include="Struct.h">
      <Filter>Headers</Filter>
    </ClInclude>
    <ClInclude Include="Terrain.h" />
    <ClInclude Include="CollisionTileManager.h">
      <Filter>Collision</Filter>
    </ClInclude>
    <ClInclude Include="CollisionLineManager.h">
      <Filter>Collision</Filter>
    </ClInclude>
    <ClInclude Include="math.h" />
    <ClInclude Include="RenderManager.h">
      <Filter>Render</Filter>
    </ClInclude>
    <ClInclude Include="CollisionManager.h">
      <Filter>Collision</Filter>
    </ClInclude>
    <ClInclude Include="ObjectManager.h">
      <Filter>Object</Filter>
    </ClInclude>
    <ClInclude Include="PhysicTransformComponent.h">
      <Filter>Component\Transform</Filter>
    </ClInclude>
    <ClInclude Include="InputManager.h">
      <Filter>Input</Filter>
    </ClInclude>
    <ClInclude Include="CollisionComponent.h">
      <Filter>Collision</Filter>
    </ClInclude>
    <ClInclude Include="ComponentManager.h">
      <Filter>Component</Filter>
    </ClInclude>
    <ClInclude Include="RenderComponent.h">
      <Filter>Component</Filter>
    </ClInclude>
    <ClInclude Include="UIRenderComponent.h">
      <Filter>Component</Filter>
    </ClInclude>
    <ClInclude Include="Battery.h">
      <Filter>UI</Filter>
    </ClInclude>
    <ClInclude Include="HUD.h">
      <Filter>UI</Filter>
    </ClInclude>
    <ClInclude Include="Mouse.h">
      <Filter>UI</Filter>
    </ClInclude>
    <ClInclude Include="Camera.h">
      <Filter>Utility</Filter>
    </ClInclude>
    <ClInclude Include="Component.h">
      <Filter>Component</Filter>
    </ClInclude>
    <ClInclude Include="Character.h">
      <Filter>Object</Filter>
    </ClInclude>
    <ClInclude Include="UI.h">
      <Filter>UI</Filter>
    </ClInclude>
    <ClInclude Include="TransformComponent.h">
      <Filter>Component\Transform</Filter>
    </ClInclude>
    <ClInclude Include="Tags.h">
      <Filter>Headers</Filter>
    </ClInclude>
    <ClInclude Include="UITimer.h" />
    <ClInclude Include="UIItemIcon.h" />
    <ClInclude Include="AttackObject.h" />
    <ClInclude Include="AttackSlash.h" />
    <ClInclude Include="Effect.h" />
    <ClInclude Include="DustCloud.h" />
  </ItemGroup>
  <ItemGroup>
    <ClCompile Include="Client.cpp">
      <Filter>Default</Filter>
    </ClCompile>
    <ClCompile Include="stdafx.cpp">
      <Filter>Default</Filter>
    </ClCompile>
    <ClCompile Include="MainApp.cpp">
      <Filter>App</Filter>
    </ClCompile>
    <ClCompile Include="Player.cpp">
      <Filter>Player</Filter>
    </ClCompile>
    <ClCompile Include="Time.cpp">
      <Filter>Time</Filter>
    </ClCompile>
    <ClCompile Include="singleton_interface.cpp">
      <Filter>singleton_interface</Filter>
    </ClCompile>
    <ClCompile Include="global.cpp">
      <Filter>Headers\global</Filter>
    </ClCompile>
    <ClCompile Include="Scene.cpp">
      <Filter>Scene</Filter>
    </ClCompile>
    <ClCompile Include="SceneManager.cpp">
      <Filter>Scene</Filter>
    </ClCompile>
    <ClCompile Include="object.cpp">
      <Filter>Object</Filter>
    </ClCompile>
    <ClCompile Include="GraphicDevice.cpp">
      <Filter>Render\GraphicDevice</Filter>
    </ClCompile>
    <ClCompile Include="DELEGATE.cpp">
      <Filter>DELEGATE</Filter>
    </ClCompile>
    <ClCompile Include="Texture.cpp">
      <Filter>Render\Texture</Filter>
    </ClCompile>
    <ClCompile Include="Texture_Manager.cpp">
      <Filter>Render\Texture</Filter>
    </ClCompile>
    <ClCompile Include="Single_Texture.cpp">
      <Filter>Render\Texture</Filter>
    </ClCompile>
    <ClCompile Include="Multi_Texture.cpp">
      <Filter>Render\Texture</Filter>
    </ClCompile>
    <ClCompile Include="SceneBoss.cpp">
      <Filter>Scene\SceneBaseTypes</Filter>
    </ClCompile>
    <ClCompile Include="SceneStage1.cpp">
      <Filter>Scene\SceneBaseTypes</Filter>
    </ClCompile>
    <ClCompile Include="SceneStage2.cpp">
      <Filter>Scene\SceneBaseTypes</Filter>
    </ClCompile>
    <ClCompile Include="SceneStart.cpp">
      <Filter>Scene\SceneBaseTypes</Filter>
    </ClCompile>
    <ClCompile Include="Terrain.cpp" />
    <ClCompile Include="CollisionLineManager.cpp">
      <Filter>Collision</Filter>
    </ClCompile>
    <ClCompile Include="CollisionTileManager.cpp">
      <Filter>Collision</Filter>
    </ClCompile>
    <ClCompile Include="math.cpp" />
    <ClCompile Include="RenderManager.cpp">
      <Filter>Render</Filter>
    </ClCompile>
    <ClCompile Include="CollisionManager.cpp">
      <Filter>Collision</Filter>
    </ClCompile>
    <ClCompile Include="ObjectManager.cpp">
      <Filter>Object</Filter>
    </ClCompile>
    <ClCompile Include="PhysicTransformComponent.cpp">
      <Filter>Component\Transform</Filter>
    </ClCompile>
    <ClCompile Include="InputManager.cpp">
      <Filter>Input</Filter>
    </ClCompile>
    <ClCompile Include="CollisionComponent.cpp">
      <Filter>Collision</Filter>
    </ClCompile>
    <ClCompile Include="ComponentManager.cpp">
      <Filter>Component</Filter>
    </ClCompile>
    <ClCompile Include="RenderComponent.cpp">
      <Filter>Component</Filter>
    </ClCompile>
    <ClCompile Include="UIRenderComponent.cpp">
      <Filter>Component</Filter>
    </ClCompile>
    <ClCompile Include="Battery.cpp">
      <Filter>UI</Filter>
    </ClCompile>
    <ClCompile Include="HUD.cpp">
      <Filter>UI</Filter>
    </ClCompile>
    <ClCompile Include="Mouse.cpp">
      <Filter>UI</Filter>
    </ClCompile>
    <ClCompile Include="Camera.cpp">
      <Filter>Utility</Filter>
    </ClCompile>
    <ClCompile Include="Component.cpp">
      <Filter>Component</Filter>
    </ClCompile>
    <ClCompile Include="Character.cpp">
      <Filter>Object</Filter>
    </ClCompile>
    <ClCompile Include="UI.cpp">
      <Filter>UI</Filter>
    </ClCompile>
    <ClCompile Include="TransformComponent.cpp">
      <Filter>Component\Transform</Filter>
    </ClCompile>
    <ClCompile Include="UITimer.cpp" />
    <ClCompile Include="UIItemIcon.cpp" />
    <ClCompile Include="AttackObject.cpp" />
    <ClCompile Include="AttackSlash.cpp" />
    <ClCompile Include="Effect.cpp" />
    <ClCompile Include="DustCloud.cpp" />
  </ItemGroup>
  <ItemGroup>
    <Image Include="Client.ico">
      <Filter>Default</Filter>
    </Image>
    <Image Include="small.ico">
      <Filter>Default</Filter>
    </Image>
  </ItemGroup>
  <ItemGroup>
    <ResourceCompile Include="Client.rc">
      <Filter>Default</Filter>
    </ResourceCompile>
  </ItemGroup>
  <ItemGroup>
    <Text Include="ReadMe.txt">
      <Filter>Default</Filter>
    </Text>
  </ItemGroup>
</Project>